
Microsoft Visual Studio Solution File, Format Version 12.00
# Visual Studio Version 16
VisualStudioVersion = 16.0.29613.14
MinimumVisualStudioVersion = 10.0.40219.1
Project("{9A19103F-16F7-4668-BE54-9A1E7A4F7556}") = "Simple.Smart.Chat.App", "Simple.Smart.Chat.App.csproj", "{473BC351-E343-42F5-BE40-6D6B7038CCC2}"
EndProject
Project("{9A19103F-16F7-4668-BE54-9A1E7A4F7556}") = "Simple.Smart.Chat.CommandBot", "..\Simple.Smart.Chat.CommandBot\Simple.Smart.Chat.CommandBot.csproj", "{5B3D3232-120A-481C-8993-CEE056F7C360}"
EndProject
Project("{FAE04EC0-301F-11D3-BF4B-00C04F79EFBC}") = "Simple.Smart.Chat.App.Tests", "..\Simple.Smart.Chat.App.Tests\Simple.Smart.Chat.App.Tests.csproj", "{7DB40C21-C4BA-4CCE-9BC0-FBC120FBD62B}"
EndProject
Global
	GlobalSection(SolutionConfigurationPlatforms) = preSolution
		Debug|Any CPU = Debug|Any CPU
		Release|Any CPU = Release|Any CPU
	EndGlobalSection
	GlobalSection(ProjectConfigurationPlatforms) = postSolution
		{473BC351-E343-42F5-BE40-6D6B7038CCC2}.Debug|Any CPU.ActiveCfg = Debug|Any CPU
		{473BC351-E343-42F5-BE40-6D6B7038CCC2}.Debug|Any CPU.Build.0 = Debug|Any CPU
		{473BC351-E343-42F5-BE40-6D6B7038CCC2}.Release|Any CPU.ActiveCfg = Release|Any CPU
		{473BC351-E343-42F5-BE40-6D6B7038CCC2}.Release|Any CPU.Build.0 = Release|Any CPU
		{5B3D3232-120A-481C-8993-CEE056F7C360}.Debug|Any CPU.ActiveCfg = Debug|Any CPU
		{5B3D3232-120A-481C-8993-CEE056F7C360}.Debug|Any CPU.Build.0 = Debug|Any CPU
		{5B3D3232-120A-481C-8993-CEE056F7C360}.Release|Any CPU.ActiveCfg = Release|Any CPU
		{5B3D3232-120A-481C-8993-CEE056F7C360}.Release|Any CPU.Build.0 = Release|Any CPU
		{7DB40C21-C4BA-4CCE-9BC0-FBC120FBD62B}.Debug|Any CPU.ActiveCfg = Debug|Any CPU
		{7DB40C21-C4BA-4CCE-9BC0-FBC120FBD62B}.Debug|Any CPU.Build.0 = Debug|Any CPU
		{7DB40C21-C4BA-4CCE-9BC0-FBC120FBD62B}.Release|Any CPU.ActiveCfg = Release|Any CPU
		{7DB40C21-C4BA-4CCE-9BC0-FBC120FBD62B}.Release|Any CPU.Build.0 = Release|Any CPU
	EndGlobalSection
	GlobalSection(SolutionProperties) = preSolution
		HideSolutionNode = FALSE
	EndGlobalSection
	GlobalSection(ExtensibilityGlobals) = postSolution
		SolutionGuid = {B7D6C527-1D7C-40B3-8BF0-80CF388A6017}
	EndGlobalSection
EndGlobal
